// !$*UTF8*$!
{
	archiveVersion = 1;
	classes = {
	};
	objectVersion = 55;
	objects = {

/* Begin PBXBuildFile section */
		12958B92281633B600310D41 /* NewFeatureCollectionViewController.swift in Sources */ = {isa = PBXBuildFile; fileRef = 12958B91281633B600310D41 /* NewFeatureCollectionViewController.swift */; };
		12958B942816513200310D41 /* WelcomeViewController.swift in Sources */ = {isa = PBXBuildFile; fileRef = 12958B932816513200310D41 /* WelcomeViewController.swift */; };
		12958B96281697C400310D41 /* Status.swift in Sources */ = {isa = PBXBuildFile; fileRef = 12958B95281697C400310D41 /* Status.swift */; };
		12958B982816A72200310D41 /* StatusListViewModel.swift in Sources */ = {isa = PBXBuildFile; fileRef = 12958B972816A72200310D41 /* StatusListViewModel.swift */; };
		12958B9A2816ABA800310D41 /* User.swift in Sources */ = {isa = PBXBuildFile; fileRef = 12958B992816ABA800310D41 /* User.swift */; };
		12958B9C2816B2EB00310D41 /* StatusViewModel.swift in Sources */ = {isa = PBXBuildFile; fileRef = 12958B9B2816B2EB00310D41 /* StatusViewModel.swift */; };
		12958B9F2816B50F00310D41 /* StatusCell.swift in Sources */ = {isa = PBXBuildFile; fileRef = 12958B9E2816B50F00310D41 /* StatusCell.swift */; };
		12958BA12816B54B00310D41 /* StatusCellTopView.swift in Sources */ = {isa = PBXBuildFile; fileRef = 12958BA02816B54B00310D41 /* StatusCellTopView.swift */; };
		12958BA32816B56500310D41 /* StatusCellBottomView.swift in Sources */ = {isa = PBXBuildFile; fileRef = 12958BA22816B56500310D41 /* StatusCellBottomView.swift */; };
		12958BA52817855000310D41 /* StatusPictureView.swift in Sources */ = {isa = PBXBuildFile; fileRef = 12958BA42817855000310D41 /* StatusPictureView.swift */; };
		12958BC72817F45F00310D41 /* StatusRetweetedCell.swift in Sources */ = {isa = PBXBuildFile; fileRef = 12958BC62817F45F00310D41 /* StatusRetweetedCell.swift */; };
		1299888228114F3800E1CDE7 /* AppDelegate.swift in Sources */ = {isa = PBXBuildFile; fileRef = 1299888128114F3800E1CDE7 /* AppDelegate.swift */; };
		1299888B28114F3900E1CDE7 /* Assets.xcassets in Resources */ = {isa = PBXBuildFile; fileRef = 1299888A28114F3900E1CDE7 /* Assets.xcassets */; };
		12998896281168B800E1CDE7 /* LaunchScreen.storyboard in Resources */ = {isa = PBXBuildFile; fileRef = 12998895281168B800E1CDE7 /* LaunchScreen.storyboard */; };
		129988A12811826500E1CDE7 /* MainViewController.swift in Sources */ = {isa = PBXBuildFile; fileRef = 129988A02811826500E1CDE7 /* MainViewController.swift */; };
		129988A3281182A900E1CDE7 /* HomeViewController.swift in Sources */ = {isa = PBXBuildFile; fileRef = 129988A2281182A900E1CDE7 /* HomeViewController.swift */; };
		129988A5281182C900E1CDE7 /* MessageViewController.swift in Sources */ = {isa = PBXBuildFile; fileRef = 129988A4281182C900E1CDE7 /* MessageViewController.swift */; };
		129988A7281182EE00E1CDE7 /* DiscoverViewController.swift in Sources */ = {isa = PBXBuildFile; fileRef = 129988A6281182EE00E1CDE7 /* DiscoverViewController.swift */; };
		129988A92811831800E1CDE7 /* ProfileViewController.swift in Sources */ = {isa = PBXBuildFile; fileRef = 129988A82811831800E1CDE7 /* ProfileViewController.swift */; };
		129988AC2812613B00E1CDE7 /* UIButton+Extension.swift in Sources */ = {isa = PBXBuildFile; fileRef = 129988AB2812613B00E1CDE7 /* UIButton+Extension.swift */; };
		129988AF28126AF400E1CDE7 /* VisitorViewController.swift in Sources */ = {isa = PBXBuildFile; fileRef = 129988AE28126AF400E1CDE7 /* VisitorViewController.swift */; };
		129988B128127B6700E1CDE7 /* VisitorView.swift in Sources */ = {isa = PBXBuildFile; fileRef = 129988B028127B6700E1CDE7 /* VisitorView.swift */; };
		129988D82812AFD400E1CDE7 /* UILabel+Extension.swift in Sources */ = {isa = PBXBuildFile; fileRef = 129988D72812AFD400E1CDE7 /* UILabel+Extension.swift */; };
		129988DA2812B1A200E1CDE7 /* UIImageView+Extension.swift in Sources */ = {isa = PBXBuildFile; fileRef = 129988D92812B1A200E1CDE7 /* UIImageView+Extension.swift */; };
		129988DC2812BCF600E1CDE7 /* Common.swift in Sources */ = {isa = PBXBuildFile; fileRef = 129988DB2812BCF600E1CDE7 /* Common.swift */; };
		129989562813D8F300E1CDE7 /* YYHNetworkTools.swift in Sources */ = {isa = PBXBuildFile; fileRef = 129989552813D8F300E1CDE7 /* YYHNetworkTools.swift */; };
		129989592813DA7900E1CDE7 /* OAuthViewController.swift in Sources */ = {isa = PBXBuildFile; fileRef = 129989582813DA7900E1CDE7 /* OAuthViewController.swift */; };
		1299895B281519BB00E1CDE7 /* UserAccount.swift in Sources */ = {isa = PBXBuildFile; fileRef = 1299895A281519BB00E1CDE7 /* UserAccount.swift */; };
		1299895D2815413000E1CDE7 /* UserAccountViewModel.swift in Sources */ = {isa = PBXBuildFile; fileRef = 1299895C2815413000E1CDE7 /* UserAccountViewModel.swift */; };
		3A832A3C7169DD1E2C220BEE /* Pods_Weibo.framework in Frameworks */ = {isa = PBXBuildFile; fileRef = FDF28E929CE3B335C1673E92 /* Pods_Weibo.framework */; };
/* End PBXBuildFile section */

/* Begin PBXFileReference section */
		12958B91281633B600310D41 /* NewFeatureCollectionViewController.swift */ = {isa = PBXFileReference; lastKnownFileType = sourcecode.swift; path = NewFeatureCollectionViewController.swift; sourceTree = "<group>"; };
		12958B932816513200310D41 /* WelcomeViewController.swift */ = {isa = PBXFileReference; lastKnownFileType = sourcecode.swift; path = WelcomeViewController.swift; sourceTree = "<group>"; };
		12958B95281697C400310D41 /* Status.swift */ = {isa = PBXFileReference; lastKnownFileType = sourcecode.swift; path = Status.swift; sourceTree = "<group>"; };
		12958B972816A72200310D41 /* StatusListViewModel.swift */ = {isa = PBXFileReference; lastKnownFileType = sourcecode.swift; path = StatusListViewModel.swift; sourceTree = "<group>"; };
		12958B992816ABA800310D41 /* User.swift */ = {isa = PBXFileReference; lastKnownFileType = sourcecode.swift; path = User.swift; sourceTree = "<group>"; };
		12958B9B2816B2EB00310D41 /* StatusViewModel.swift */ = {isa = PBXFileReference; lastKnownFileType = sourcecode.swift; path = StatusViewModel.swift; sourceTree = "<group>"; };
		12958B9E2816B50F00310D41 /* StatusCell.swift */ = {isa = PBXFileReference; lastKnownFileType = sourcecode.swift; path = StatusCell.swift; sourceTree = "<group>"; };
		12958BA02816B54B00310D41 /* StatusCellTopView.swift */ = {isa = PBXFileReference; lastKnownFileType = sourcecode.swift; path = StatusCellTopView.swift; sourceTree = "<group>"; };
		12958BA22816B56500310D41 /* StatusCellBottomView.swift */ = {isa = PBXFileReference; lastKnownFileType = sourcecode.swift; path = StatusCellBottomView.swift; sourceTree = "<group>"; };
		12958BA42817855000310D41 /* StatusPictureView.swift */ = {isa = PBXFileReference; lastKnownFileType = sourcecode.swift; path = StatusPictureView.swift; sourceTree = "<group>"; };
		12958BC62817F45F00310D41 /* StatusRetweetedCell.swift */ = {isa = PBXFileReference; lastKnownFileType = sourcecode.swift; path = StatusRetweetedCell.swift; sourceTree = "<group>"; };
		1299887E28114F3800E1CDE7 /* Weibo.app */ = {isa = PBXFileReference; explicitFileType = wrapper.application; includeInIndex = 0; path = Weibo.app; sourceTree = BUILT_PRODUCTS_DIR; };
		1299888128114F3800E1CDE7 /* AppDelegate.swift */ = {isa = PBXFileReference; lastKnownFileType = sourcecode.swift; path = AppDelegate.swift; sourceTree = "<group>"; };
		1299888A28114F3900E1CDE7 /* Assets.xcassets */ = {isa = PBXFileReference; lastKnownFileType = folder.assetcatalog; path = Assets.xcassets; sourceTree = "<group>"; };
		1299888F28114F3900E1CDE7 /* Info.plist */ = {isa = PBXFileReference; lastKnownFileType = text.plist.xml; path = Info.plist; sourceTree = "<group>"; };
		12998895281168B800E1CDE7 /* LaunchScreen.storyboard */ = {isa = PBXFileReference; lastKnownFileType = file.storyboard; path = LaunchScreen.storyboard; sourceTree = "<group>"; };
		129988A02811826500E1CDE7 /* MainViewController.swift */ = {isa = PBXFileReference; lastKnownFileType = sourcecode.swift; path = MainViewController.swift; sourceTree = "<group>"; };
		129988A2281182A900E1CDE7 /* HomeViewController.swift */ = {isa = PBXFileReference; lastKnownFileType = sourcecode.swift; path = HomeViewController.swift; sourceTree = "<group>"; };
		129988A4281182C900E1CDE7 /* MessageViewController.swift */ = {isa = PBXFileReference; lastKnownFileType = sourcecode.swift; path = MessageViewController.swift; sourceTree = "<group>"; };
		129988A6281182EE00E1CDE7 /* DiscoverViewController.swift */ = {isa = PBXFileReference; lastKnownFileType = sourcecode.swift; path = DiscoverViewController.swift; sourceTree = "<group>"; };
		129988A82811831800E1CDE7 /* ProfileViewController.swift */ = {isa = PBXFileReference; lastKnownFileType = sourcecode.swift; path = ProfileViewController.swift; sourceTree = "<group>"; };
		129988AB2812613B00E1CDE7 /* UIButton+Extension.swift */ = {isa = PBXFileReference; lastKnownFileType = sourcecode.swift; path = "UIButton+Extension.swift"; sourceTree = "<group>"; };
		129988AE28126AF400E1CDE7 /* VisitorViewController.swift */ = {isa = PBXFileReference; lastKnownFileType = sourcecode.swift; path = VisitorViewController.swift; sourceTree = "<group>"; };
		129988B028127B6700E1CDE7 /* VisitorView.swift */ = {isa = PBXFileReference; lastKnownFileType = sourcecode.swift; path = VisitorView.swift; sourceTree = "<group>"; };
		129988D72812AFD400E1CDE7 /* UILabel+Extension.swift */ = {isa = PBXFileReference; lastKnownFileType = sourcecode.swift; path = "UILabel+Extension.swift"; sourceTree = "<group>"; };
		129988D92812B1A200E1CDE7 /* UIImageView+Extension.swift */ = {isa = PBXFileReference; lastKnownFileType = sourcecode.swift; path = "UIImageView+Extension.swift"; sourceTree = "<group>"; };
		129988DB2812BCF600E1CDE7 /* Common.swift */ = {isa = PBXFileReference; lastKnownFileType = sourcecode.swift; path = Common.swift; sourceTree = "<group>"; };
		129989552813D8F300E1CDE7 /* YYHNetworkTools.swift */ = {isa = PBXFileReference; lastKnownFileType = sourcecode.swift; path = YYHNetworkTools.swift; sourceTree = "<group>"; };
		129989582813DA7900E1CDE7 /* OAuthViewController.swift */ = {isa = PBXFileReference; lastKnownFileType = sourcecode.swift; path = OAuthViewController.swift; sourceTree = "<group>"; };
		1299895A281519BB00E1CDE7 /* UserAccount.swift */ = {isa = PBXFileReference; lastKnownFileType = sourcecode.swift; path = UserAccount.swift; sourceTree = "<group>"; };
		1299895C2815413000E1CDE7 /* UserAccountViewModel.swift */ = {isa = PBXFileReference; lastKnownFileType = sourcecode.swift; path = UserAccountViewModel.swift; sourceTree = "<group>"; };
		DEFA91B9FC285A6E37F114F2 /* Pods-Weibo.release.xcconfig */ = {isa = PBXFileReference; includeInIndex = 1; lastKnownFileType = text.xcconfig; name = "Pods-Weibo.release.xcconfig"; path = "Target Support Files/Pods-Weibo/Pods-Weibo.release.xcconfig"; sourceTree = "<group>"; };
		EB0CCCE60CAF4FE98DDAF68B /* Pods-Weibo.debug.xcconfig */ = {isa = PBXFileReference; includeInIndex = 1; lastKnownFileType = text.xcconfig; name = "Pods-Weibo.debug.xcconfig"; path = "Target Support Files/Pods-Weibo/Pods-Weibo.debug.xcconfig"; sourceTree = "<group>"; };
		FDF28E929CE3B335C1673E92 /* Pods_Weibo.framework */ = {isa = PBXFileReference; explicitFileType = wrapper.framework; includeInIndex = 0; path = Pods_Weibo.framework; sourceTree = BUILT_PRODUCTS_DIR; };
/* End PBXFileReference section */

/* Begin PBXFrameworksBuildPhase section */
		1299887B28114F3800E1CDE7 /* Frameworks */ = {
			isa = PBXFrameworksBuildPhase;
			buildActionMask = 2147483647;
			files = (
				3A832A3C7169DD1E2C220BEE /* Pods_Weibo.framework in Frameworks */,
			);
			runOnlyForDeploymentPostprocessing = 0;
		};
/* End PBXFrameworksBuildPhase section */

/* Begin PBXGroup section */
		12958B902816331900310D41 /* NewFeature */ = {
			isa = PBXGroup;
			children = (
				12958B91281633B600310D41 /* NewFeatureCollectionViewController.swift */,
				12958B932816513200310D41 /* WelcomeViewController.swift */,
			);
			path = NewFeature;
			sourceTree = "<group>";
		};
		12958B9D2816B4DA00310D41 /* StatusCell */ = {
			isa = PBXGroup;
			children = (
				12958B9E2816B50F00310D41 /* StatusCell.swift */,
				12958BC62817F45F00310D41 /* StatusRetweetedCell.swift */,
				12958BA02816B54B00310D41 /* StatusCellTopView.swift */,
				12958BA22816B56500310D41 /* StatusCellBottomView.swift */,
				12958BA42817855000310D41 /* StatusPictureView.swift */,
			);
			path = StatusCell;
			sourceTree = "<group>";
		};
		1299887528114F3800E1CDE7 = {
			isa = PBXGroup;
			children = (
				1299888028114F3800E1CDE7 /* Weibo */,
				1299887F28114F3800E1CDE7 /* Products */,
				1A5E06D944738B533D939B71 /* Pods */,
				9F52843FA4316B90E15C4A58 /* Frameworks */,
			);
			sourceTree = "<group>";
		};
		1299887F28114F3800E1CDE7 /* Products */ = {
			isa = PBXGroup;
			children = (
				1299887E28114F3800E1CDE7 /* Weibo.app */,
			);
			name = Products;
			sourceTree = "<group>";
		};
		1299888028114F3800E1CDE7 /* Weibo */ = {
			isa = PBXGroup;
			children = (
				1299889A2811810F00E1CDE7 /* Tools */,
				12998899281180FB00E1CDE7 /* Model */,
				1299889828117F7500E1CDE7 /* ViewModel */,
				1299889728117F6100E1CDE7 /* View */,
				1299888128114F3800E1CDE7 /* AppDelegate.swift */,
				1299888A28114F3900E1CDE7 /* Assets.xcassets */,
				1299888F28114F3900E1CDE7 /* Info.plist */,
				12998895281168B800E1CDE7 /* LaunchScreen.storyboard */,
			);
			path = Weibo;
			sourceTree = "<group>";
		};
		1299889728117F6100E1CDE7 /* View */ = {
			isa = PBXGroup;
			children = (
				129989572813DA5A00E1CDE7 /* OAuth */,
				1299889F2811818800E1CDE7 /* Profile */,
				1299889E2811816D00E1CDE7 /* Discover */,
				1299889D2811814700E1CDE7 /* Message */,
				1299889C2811813900E1CDE7 /* Home */,
				1299889B2811812C00E1CDE7 /* Main */,
			);
			path = View;
			sourceTree = "<group>";
		};
		1299889828117F7500E1CDE7 /* ViewModel */ = {
			isa = PBXGroup;
			children = (
				1299895C2815413000E1CDE7 /* UserAccountViewModel.swift */,
				12958B972816A72200310D41 /* StatusListViewModel.swift */,
				12958B9B2816B2EB00310D41 /* StatusViewModel.swift */,
			);
			path = ViewModel;
			sourceTree = "<group>";
		};
		12998899281180FB00E1CDE7 /* Model */ = {
			isa = PBXGroup;
			children = (
				1299895A281519BB00E1CDE7 /* UserAccount.swift */,
				12958B95281697C400310D41 /* Status.swift */,
				12958B992816ABA800310D41 /* User.swift */,
			);
			path = Model;
			sourceTree = "<group>";
		};
		1299889A2811810F00E1CDE7 /* Tools */ = {
			isa = PBXGroup;
			children = (
				129988AA281260F600E1CDE7 /* Extension */,
				129988DB2812BCF600E1CDE7 /* Common.swift */,
				129989552813D8F300E1CDE7 /* YYHNetworkTools.swift */,
			);
			path = Tools;
			sourceTree = "<group>";
		};
		1299889B2811812C00E1CDE7 /* Main */ = {
			isa = PBXGroup;
			children = (
				12958B902816331900310D41 /* NewFeature */,
				129988AD28126AC100E1CDE7 /* Visistor */,
				129988A02811826500E1CDE7 /* MainViewController.swift */,
			);
			path = Main;
			sourceTree = "<group>";
		};
		1299889C2811813900E1CDE7 /* Home */ = {
			isa = PBXGroup;
			children = (
				12958B9D2816B4DA00310D41 /* StatusCell */,
				129988A2281182A900E1CDE7 /* HomeViewController.swift */,
			);
			path = Home;
			sourceTree = "<group>";
		};
		1299889D2811814700E1CDE7 /* Message */ = {
			isa = PBXGroup;
			children = (
				129988A4281182C900E1CDE7 /* MessageViewController.swift */,
			);
			path = Message;
			sourceTree = "<group>";
		};
		1299889E2811816D00E1CDE7 /* Discover */ = {
			isa = PBXGroup;
			children = (
				129988A6281182EE00E1CDE7 /* DiscoverViewController.swift */,
			);
			path = Discover;
			sourceTree = "<group>";
		};
		1299889F2811818800E1CDE7 /* Profile */ = {
			isa = PBXGroup;
			children = (
				129988A82811831800E1CDE7 /* ProfileViewController.swift */,
			);
			path = Profile;
			sourceTree = "<group>";
		};
		129988AA281260F600E1CDE7 /* Extension */ = {
			isa = PBXGroup;
			children = (
				129988AB2812613B00E1CDE7 /* UIButton+Extension.swift */,
				129988D72812AFD400E1CDE7 /* UILabel+Extension.swift */,
				129988D92812B1A200E1CDE7 /* UIImageView+Extension.swift */,
			);
			path = Extension;
			sourceTree = "<group>";
		};
		129988AD28126AC100E1CDE7 /* Visistor */ = {
			isa = PBXGroup;
			children = (
				129988AE28126AF400E1CDE7 /* VisitorViewController.swift */,
				129988B028127B6700E1CDE7 /* VisitorView.swift */,
			);
			path = Visistor;
			sourceTree = "<group>";
		};
		129989572813DA5A00E1CDE7 /* OAuth */ = {
			isa = PBXGroup;
			children = (
				129989582813DA7900E1CDE7 /* OAuthViewController.swift */,
			);
			path = OAuth;
			sourceTree = "<group>";
		};
		1A5E06D944738B533D939B71 /* Pods */ = {
			isa = PBXGroup;
			children = (
				EB0CCCE60CAF4FE98DDAF68B /* Pods-Weibo.debug.xcconfig */,
				DEFA91B9FC285A6E37F114F2 /* Pods-Weibo.release.xcconfig */,
			);
			path = Pods;
			sourceTree = "<group>";
		};
		9F52843FA4316B90E15C4A58 /* Frameworks */ = {
			isa = PBXGroup;
			children = (
				FDF28E929CE3B335C1673E92 /* Pods_Weibo.framework */,
			);
			name = Frameworks;
			sourceTree = "<group>";
		};
/* End PBXGroup section */

/* Begin PBXNativeTarget section */
		1299887D28114F3800E1CDE7 /* Weibo */ = {
			isa = PBXNativeTarget;
			buildConfigurationList = 1299889228114F3900E1CDE7 /* Build configuration list for PBXNativeTarget "Weibo" */;
			buildPhases = (
				D1DA41CB34ED0CE8D4575992 /* [CP] Check Pods Manifest.lock */,
				1299887A28114F3800E1CDE7 /* Sources */,
				1299887B28114F3800E1CDE7 /* Frameworks */,
				1299887C28114F3800E1CDE7 /* Resources */,
				E5F4C4C3F48CA5ABCC4E72EE /* [CP] Embed Pods Frameworks */,
			);
			buildRules = (
			);
			dependencies = (
			);
			name = Weibo;
			productName = Weibo;
			productReference = 1299887E28114F3800E1CDE7 /* Weibo.app */;
			productType = "com.apple.product-type.application";
		};
/* End PBXNativeTarget section */

/* Begin PBXProject section */
		1299887628114F3800E1CDE7 /* Project object */ = {
			isa = PBXProject;
			attributes = {
				BuildIndependentTargetsInParallel = 1;
				LastSwiftUpdateCheck = 1320;
				LastUpgradeCheck = 1320;
				TargetAttributes = {
					1299887D28114F3800E1CDE7 = {
						CreatedOnToolsVersion = 13.2.1;
					};
				};
			};
			buildConfigurationList = 1299887928114F3800E1CDE7 /* Build configuration list for PBXProject "Weibo" */;
			compatibilityVersion = "Xcode 13.0";
			developmentRegion = en;
			hasScannedForEncodings = 0;
			knownRegions = (
				en,
				Base,
			);
			mainGroup = 1299887528114F3800E1CDE7;
			productRefGroup = 1299887F28114F3800E1CDE7 /* Products */;
			projectDirPath = "";
			projectRoot = "";
			targets = (
				1299887D28114F3800E1CDE7 /* Weibo */,
			);
		};
/* End PBXProject section */

/* Begin PBXResourcesBuildPhase section */
		1299887C28114F3800E1CDE7 /* Resources */ = {
			isa = PBXResourcesBuildPhase;
			buildActionMask = 2147483647;
			files = (
				12998896281168B800E1CDE7 /* LaunchScreen.storyboard in Resources */,
				1299888B28114F3900E1CDE7 /* Assets.xcassets in Resources */,
			);
			runOnlyForDeploymentPostprocessing = 0;
		};
/* End PBXResourcesBuildPhase section */

/* Begin PBXShellScriptBuildPhase section */
		D1DA41CB34ED0CE8D4575992 /* [CP] Check Pods Manifest.lock */ = {
			isa = PBXShellScriptBuildPhase;
			buildActionMask = 2147483647;
			files = (
			);
			inputFileListPaths = (
			);
			inputPaths = (
				"${PODS_PODFILE_DIR_PATH}/Podfile.lock",
				"${PODS_ROOT}/Manifest.lock",
			);
			name = "[CP] Check Pods Manifest.lock";
			outputFileListPaths = (
			);
			outputPaths = (
				"$(DERIVED_FILE_DIR)/Pods-Weibo-checkManifestLockResult.txt",
			);
			runOnlyForDeploymentPostprocessing = 0;
			shellPath = /bin/sh;
			shellScript = "diff \"${PODS_PODFILE_DIR_PATH}/Podfile.lock\" \"${PODS_ROOT}/Manifest.lock\" > /dev/null\nif [ $? != 0 ] ; then\n    # print error to STDERR\n    echo \"error: The sandbox is not in sync with the Podfile.lock. Run 'pod install' or update your CocoaPods installation.\" >&2\n    exit 1\nfi\n# This output is used by Xcode 'outputs' to avoid re-running this script phase.\necho \"SUCCESS\" > \"${SCRIPT_OUTPUT_FILE_0}\"\n";
			showEnvVarsInLog = 0;
		};
		E5F4C4C3F48CA5ABCC4E72EE /* [CP] Embed Pods Frameworks */ = {
			isa = PBXShellScriptBuildPhase;
			buildActionMask = 2147483647;
			files = (
			);
			inputFileListPaths = (
				"${PODS_ROOT}/Target Support Files/Pods-Weibo/Pods-Weibo-frameworks-${CONFIGURATION}-input-files.xcfilelist",
			);
			name = "[CP] Embed Pods Frameworks";
			outputFileListPaths = (
				"${PODS_ROOT}/Target Support Files/Pods-Weibo/Pods-Weibo-frameworks-${CONFIGURATION}-output-files.xcfilelist",
			);
			runOnlyForDeploymentPostprocessing = 0;
			shellPath = /bin/sh;
			shellScript = "\"${PODS_ROOT}/Target Support Files/Pods-Weibo/Pods-Weibo-frameworks.sh\"\n";
			showEnvVarsInLog = 0;
		};
/* End PBXShellScriptBuildPhase section */

/* Begin PBXSourcesBuildPhase section */
		1299887A28114F3800E1CDE7 /* Sources */ = {
			isa = PBXSourcesBuildPhase;
			buildActionMask = 2147483647;
			files = (
				129989592813DA7900E1CDE7 /* OAuthViewController.swift in Sources */,
				129988A12811826500E1CDE7 /* MainViewController.swift in Sources */,
				1299888228114F3800E1CDE7 /* AppDelegate.swift in Sources */,
				129988D82812AFD400E1CDE7 /* UILabel+Extension.swift in Sources */,
				129988A7281182EE00E1CDE7 /* DiscoverViewController.swift in Sources */,
				129988DC2812BCF600E1CDE7 /* Common.swift in Sources */,
				129988A92811831800E1CDE7 /* ProfileViewController.swift in Sources */,
				129988A3281182A900E1CDE7 /* HomeViewController.swift in Sources */,
				12958B9F2816B50F00310D41 /* StatusCell.swift in Sources */,
				12958B982816A72200310D41 /* StatusListViewModel.swift in Sources */,
				129988AF28126AF400E1CDE7 /* VisitorViewController.swift in Sources */,
				12958B942816513200310D41 /* WelcomeViewController.swift in Sources */,
				129988DA2812B1A200E1CDE7 /* UIImageView+Extension.swift in Sources */,
				129988B128127B6700E1CDE7 /* VisitorView.swift in Sources */,
				129989562813D8F300E1CDE7 /* YYHNetworkTools.swift in Sources */,
				12958BA32816B56500310D41 /* StatusCellBottomView.swift in Sources */,
				129988A5281182C900E1CDE7 /* MessageViewController.swift in Sources */,
				1299895D2815413000E1CDE7 /* UserAccountViewModel.swift in Sources */,
				129988AC2812613B00E1CDE7 /* UIButton+Extension.swift in Sources */,
				1299895B281519BB00E1CDE7 /* UserAccount.swift in Sources */,
				12958B9C2816B2EB00310D41 /* StatusViewModel.swift in Sources */,
				12958BA52817855000310D41 /* StatusPictureView.swift in Sources */,
				12958BA12816B54B00310D41 /* StatusCellTopView.swift in Sources */,
				12958BC72817F45F00310D41 /* StatusRetweetedCell.swift in Sources */,
				12958B96281697C400310D41 /* Status.swift in Sources */,
				12958B92281633B600310D41 /* NewFeatureCollectionViewController.swift in Sources */,
				12958B9A2816ABA800310D41 /* User.swift in Sources */,
			);
			runOnlyForDeploymentPostprocessing = 0;
		};
/* End PBXSourcesBuildPhase section */

/* Begin XCBuildConfiguration section */
		1299889028114F3900E1CDE7 /* Debug */ = {
			isa = XCBuildConfiguration;
			buildSettings = {
				ALWAYS_SEARCH_USER_PATHS = NO;
				CLANG_ANALYZER_NONNULL = YES;
				CLANG_ANALYZER_NUMBER_OBJECT_CONVERSION = YES_AGGRESSIVE;
				CLANG_CXX_LANGUAGE_STANDARD = "gnu++17";
				CLANG_CXX_LIBRARY = "libc++";
				CLANG_ENABLE_MODULES = YES;
				CLANG_ENABLE_OBJC_ARC = YES;
				CLANG_ENABLE_OBJC_WEAK = YES;
				CLANG_WARN_BLOCK_CAPTURE_AUTORELEASING = YES;
				CLANG_WARN_BOOL_CONVERSION = YES;
				CLANG_WARN_COMMA = YES;
				CLANG_WARN_CONSTANT_CONVERSION = YES;
				CLANG_WARN_DEPRECATED_OBJC_IMPLEMENTATIONS = YES;
				CLANG_WARN_DIRECT_OBJC_ISA_USAGE = YES_ERROR;
				CLANG_WARN_DOCUMENTATION_COMMENTS = YES;
				CLANG_WARN_EMPTY_BODY = YES;
				CLANG_WARN_ENUM_CONVERSION = YES;
				CLANG_WARN_INFINITE_RECURSION = YES;
				CLANG_WARN_INT_CONVERSION = YES;
				CLANG_WARN_NON_LITERAL_NULL_CONVERSION = YES;
				CLANG_WARN_OBJC_IMPLICIT_RETAIN_SELF = YES;
				CLANG_WARN_OBJC_LITERAL_CONVERSION = YES;
				CLANG_WARN_OBJC_ROOT_CLASS = YES_ERROR;
				CLANG_WARN_QUOTED_INCLUDE_IN_FRAMEWORK_HEADER = YES;
				CLANG_WARN_RANGE_LOOP_ANALYSIS = YES;
				CLANG_WARN_STRICT_PROTOTYPES = YES;
				CLANG_WARN_SUSPICIOUS_MOVE = YES;
				CLANG_WARN_UNGUARDED_AVAILABILITY = YES_AGGRESSIVE;
				CLANG_WARN_UNREACHABLE_CODE = YES;
				CLANG_WARN__DUPLICATE_METHOD_MATCH = YES;
				COPY_PHASE_STRIP = NO;
				DEBUG_INFORMATION_FORMAT = dwarf;
				ENABLE_STRICT_OBJC_MSGSEND = YES;
				ENABLE_TESTABILITY = YES;
				GCC_C_LANGUAGE_STANDARD = gnu11;
				GCC_DYNAMIC_NO_PIC = NO;
				GCC_NO_COMMON_BLOCKS = YES;
				GCC_OPTIMIZATION_LEVEL = 0;
				GCC_PREPROCESSOR_DEFINITIONS = (
					"DEBUG=1",
					"$(inherited)",
				);
				GCC_WARN_64_TO_32_BIT_CONVERSION = YES;
				GCC_WARN_ABOUT_RETURN_TYPE = YES_ERROR;
				GCC_WARN_UNDECLARED_SELECTOR = YES;
				GCC_WARN_UNINITIALIZED_AUTOS = YES_AGGRESSIVE;
				GCC_WARN_UNUSED_FUNCTION = YES;
				GCC_WARN_UNUSED_VARIABLE = YES;
				IPHONEOS_DEPLOYMENT_TARGET = 15.2;
				MTL_ENABLE_DEBUG_INFO = INCLUDE_SOURCE;
				MTL_FAST_MATH = YES;
				ONLY_ACTIVE_ARCH = YES;
				SDKROOT = iphoneos;
				SWIFT_ACTIVE_COMPILATION_CONDITIONS = DEBUG;
				SWIFT_OPTIMIZATION_LEVEL = "-Onone";
			};
			name = Debug;
		};
		1299889128114F3900E1CDE7 /* Release */ = {
			isa = XCBuildConfiguration;
			buildSettings = {
				ALWAYS_SEARCH_USER_PATHS = NO;
				CLANG_ANALYZER_NONNULL = YES;
				CLANG_ANALYZER_NUMBER_OBJECT_CONVERSION = YES_AGGRESSIVE;
				CLANG_CXX_LANGUAGE_STANDARD = "gnu++17";
				CLANG_CXX_LIBRARY = "libc++";
				CLANG_ENABLE_MODULES = YES;
				CLANG_ENABLE_OBJC_ARC = YES;
				CLANG_ENABLE_OBJC_WEAK = YES;
				CLANG_WARN_BLOCK_CAPTURE_AUTORELEASING = YES;
				CLANG_WARN_BOOL_CONVERSION = YES;
				CLANG_WARN_COMMA = YES;
				CLANG_WARN_CONSTANT_CONVERSION = YES;
				CLANG_WARN_DEPRECATED_OBJC_IMPLEMENTATIONS = YES;
				CLANG_WARN_DIRECT_OBJC_ISA_USAGE = YES_ERROR;
				CLANG_WARN_DOCUMENTATION_COMMENTS = YES;
				CLANG_WARN_EMPTY_BODY = YES;
				CLANG_WARN_ENUM_CONVERSION = YES;
				CLANG_WARN_INFINITE_RECURSION = YES;
				CLANG_WARN_INT_CONVERSION = YES;
				CLANG_WARN_NON_LITERAL_NULL_CONVERSION = YES;
				CLANG_WARN_OBJC_IMPLICIT_RETAIN_SELF = YES;
				CLANG_WARN_OBJC_LITERAL_CONVERSION = YES;
				CLANG_WARN_OBJC_ROOT_CLASS = YES_ERROR;
				CLANG_WARN_QUOTED_INCLUDE_IN_FRAMEWORK_HEADER = YES;
				CLANG_WARN_RANGE_LOOP_ANALYSIS = YES;
				CLANG_WARN_STRICT_PROTOTYPES = YES;
				CLANG_WARN_SUSPICIOUS_MOVE = YES;
				CLANG_WARN_UNGUARDED_AVAILABILITY = YES_AGGRESSIVE;
				CLANG_WARN_UNREACHABLE_CODE = YES;
				CLANG_WARN__DUPLICATE_METHOD_MATCH = YES;
				COPY_PHASE_STRIP = NO;
				DEBUG_INFORMATION_FORMAT = "dwarf-with-dsym";
				ENABLE_NS_ASSERTIONS = NO;
				ENABLE_STRICT_OBJC_MSGSEND = YES;
				GCC_C_LANGUAGE_STANDARD = gnu11;
				GCC_NO_COMMON_BLOCKS = YES;
				GCC_WARN_64_TO_32_BIT_CONVERSION = YES;
				GCC_WARN_ABOUT_RETURN_TYPE = YES_ERROR;
				GCC_WARN_UNDECLARED_SELECTOR = YES;
				GCC_WARN_UNINITIALIZED_AUTOS = YES_AGGRESSIVE;
				GCC_WARN_UNUSED_FUNCTION = YES;
				GCC_WARN_UNUSED_VARIABLE = YES;
				IPHONEOS_DEPLOYMENT_TARGET = 15.2;
				MTL_ENABLE_DEBUG_INFO = NO;
				MTL_FAST_MATH = YES;
				SDKROOT = iphoneos;
				SWIFT_COMPILATION_MODE = wholemodule;
				SWIFT_OPTIMIZATION_LEVEL = "-O";
				VALIDATE_PRODUCT = YES;
			};
			name = Release;
		};
		1299889328114F3900E1CDE7 /* Debug */ = {
			isa = XCBuildConfiguration;
			baseConfigurationReference = EB0CCCE60CAF4FE98DDAF68B /* Pods-Weibo.debug.xcconfig */;
			buildSettings = {
				ASSETCATALOG_COMPILER_APPICON_NAME = AppIcon;
				ASSETCATALOG_COMPILER_GLOBAL_ACCENT_COLOR_NAME = AccentColor;
				ASSETCATALOG_COMPILER_INCLUDE_ALL_APPICON_ASSETS = NO;
				CODE_SIGN_IDENTITY = "Apple Development";
				CODE_SIGN_STYLE = Automatic;
				CURRENT_PROJECT_VERSION = 1;
				DEVELOPMENT_TEAM = URS928KMLL;
				GENERATE_INFOPLIST_FILE = YES;
				INFOPLIST_FILE = Weibo/Info.plist;
				INFOPLIST_KEY_UIApplicationSupportsIndirectInputEvents = YES;
				INFOPLIST_KEY_UILaunchStoryboardName = LaunchScreen;
				INFOPLIST_KEY_UISupportedInterfaceOrientations = UIInterfaceOrientationPortrait;
				INFOPLIST_KEY_UISupportedInterfaceOrientations_iPad = "UIInterfaceOrientationPortrait UIInterfaceOrientationPortraitUpsideDown UIInterfaceOrientationLandscapeLeft UIInterfaceOrientationLandscapeRight";
				INFOPLIST_KEY_UISupportedInterfaceOrientations_iPhone = "UIInterfaceOrientationPortrait UIInterfaceOrientationLandscapeLeft UIInterfaceOrientationLandscapeRight";
				LD_RUNPATH_SEARCH_PATHS = (
					"$(inherited)",
					"@executable_path/Frameworks",
				);
				MARKETING_VERSION = 1.4;
				PRODUCT_BUNDLE_IDENTIFIER = com.myself.yyh.Weibo;
				PRODUCT_NAME = "$(TARGET_NAME)";
				PROVISIONING_PROFILE_SPECIFIER = "";
				SWIFT_EMIT_LOC_STRINGS = YES;
				SWIFT_VERSION = 5.0;
				TARGETED_DEVICE_FAMILY = "1,2";
			};
			name = Debug;
		};
		1299889428114F3900E1CDE7 /* Release */ = {
			isa = XCBuildConfiguration;
			baseConfigurationReference = DEFA91B9FC285A6E37F114F2 /* Pods-Weibo.release.xcconfig */;
			buildSettings = {
				ASSETCATALOG_COMPILER_APPICON_NAME = AppIcon;
				ASSETCATALOG_COMPILER_GLOBAL_ACCENT_COLOR_NAME = AccentColor;
				ASSETCATALOG_COMPILER_INCLUDE_ALL_APPICON_ASSETS = NO;
				CODE_SIGN_IDENTITY = "Apple Development";
				CODE_SIGN_STYLE = Automatic;
				CURRENT_PROJECT_VERSION = 1;
				DEVELOPMENT_TEAM = URS928KMLL;
				GENERATE_INFOPLIST_FILE = YES;
				INFOPLIST_FILE = Weibo/Info.plist;
				INFOPLIST_KEY_UIApplicationSupportsIndirectInputEvents = YES;
				INFOPLIST_KEY_UILaunchStoryboardName = LaunchScreen;
				INFOPLIST_KEY_UISupportedInterfaceOrientations = UIInterfaceOrientationPortrait;
				INFOPLIST_KEY_UISupportedInterfaceOrientations_iPad = "UIInterfaceOrientationPortrait UIInterfaceOrientationPortraitUpsideDown UIInterfaceOrientationLandscapeLeft UIInterfaceOrientationLandscapeRight";
				INFOPLIST_KEY_UISupportedInterfaceOrientations_iPhone = "UIInterfaceOrientationPortrait UIInterfaceOrientationLandscapeLeft UIInterfaceOrientationLandscapeRight";
				LD_RUNPATH_SEARCH_PATHS = (
					"$(inherited)",
					"@executable_path/Frameworks",
				);
				MARKETING_VERSION = 1.4;
				PRODUCT_BUNDLE_IDENTIFIER = com.myself.yyh.Weibo;
				PRODUCT_NAME = "$(TARGET_NAME)";
				PROVISIONING_PROFILE_SPECIFIER = "";
				SWIFT_EMIT_LOC_STRINGS = YES;
				SWIFT_VERSION = 5.0;
				TARGETED_DEVICE_FAMILY = "1,2";
			};
			name = Release;
		};
/* End XCBuildConfiguration section */

/* Begin XCConfigurationList section */
		1299887928114F3800E1CDE7 /* Build configuration list for PBXProject "Weibo" */ = {
			isa = XCConfigurationList;
			buildConfigurations = (
				1299889028114F3900E1CDE7 /* Debug */,
				1299889128114F3900E1CDE7 /* Release */,
			);
			defaultConfigurationIsVisible = 0;
			defaultConfigurationName = Release;
		};
		1299889228114F3900E1CDE7 /* Build configuration list for PBXNativeTarget "Weibo" */ = {
			isa = XCConfigurationList;
			buildConfigurations = (
				1299889328114F3900E1CDE7 /* Debug */,
				1299889428114F3900E1CDE7 /* Release */,
			);
			defaultConfigurationIsVisible = 0;
			defaultConfigurationName = Release;
		};
/* End XCConfigurationList section */
	};
	rootObject = 1299887628114F3800E1CDE7 /* Project object */;
}
